
Microsoft Visual Studio Solution File, Format Version 12.00
# Visual Studio Version 17
VisualStudioVersion = 17.5.002.0
MinimumVisualStudioVersion = 10.0.40219.1
Project("{9A19103F-16F7-4668-BE54-9A1E7A4F7556}") = "Daper", "Daper.csproj", "{1196CE45-8D70-459C-8548-18856B4BC643}"
EndProject
Global
	GlobalSection(SolutionConfigurationPlatforms) = preSolution
		Debug|Any CPU = Debug|Any CPU
		Release|Any CPU = Release|Any CPU
	EndGlobalSection
	GlobalSection(ProjectConfigurationPlatforms) = postSolution
		{1196CE45-8D70-459C-8548-18856B4BC643}.Debug|Any CPU.ActiveCfg = Debug|Any CPU
		{1196CE45-8D70-459C-8548-18856B4BC643}.Debug|Any CPU.Build.0 = Debug|Any CPU
		{1196CE45-8D70-459C-8548-18856B4BC643}.Release|Any CPU.ActiveCfg = Release|Any CPU
		{1196CE45-8D70-459C-8548-18856B4BC643}.Release|Any CPU.Build.0 = Release|Any CPU
	EndGlobalSection
	GlobalSection(SolutionProperties) = preSolution
		HideSolutionNode = FALSE
	EndGlobalSection
	GlobalSection(ExtensibilityGlobals) = postSolution
		SolutionGuid = {855DC907-0C28-4A5C-9484-0FF09910EB36}
	EndGlobalSection
EndGlobal
